// !$*UTF8*$!
{
	archiveVersion = 1;
	classes = {
	};
	objectVersion = 55;
	objects = {

/* Begin PBXBuildFile section */
		00B7B94828A180BB0036C0DF /* AppDelegate.swift in Sources */ = {isa = PBXBuildFile; fileRef = 00B7B94728A180BB0036C0DF /* AppDelegate.swift */; };
		00B7B94A28A180BB0036C0DF /* SceneDelegate.swift in Sources */ = {isa = PBXBuildFile; fileRef = 00B7B94928A180BB0036C0DF /* SceneDelegate.swift */; };
		00B7B94C28A180BB0036C0DF /* ViewController.swift in Sources */ = {isa = PBXBuildFile; fileRef = 00B7B94B28A180BB0036C0DF /* ViewController.swift */; };
		00B7B94F28A180BB0036C0DF /* Main.storyboard in Resources */ = {isa = PBXBuildFile; fileRef = 00B7B94D28A180BB0036C0DF /* Main.storyboard */; };
		00B7B95128A180BC0036C0DF /* Assets.xcassets in Resources */ = {isa = PBXBuildFile; fileRef = 00B7B95028A180BC0036C0DF /* Assets.xcassets */; };
		00B7B95428A180BC0036C0DF /* LaunchScreen.storyboard in Resources */ = {isa = PBXBuildFile; fileRef = 00B7B95228A180BC0036C0DF /* LaunchScreen.storyboard */; };
		A721578202A43A59C354A8EF /* Pods_clase8.framework in Frameworks */ = {isa = PBXBuildFile; fileRef = 80F12F002F6B9795133E761D /* Pods_clase8.framework */; };
/* End PBXBuildFile section */

/* Begin PBXFileReference section */
		00B7B94428A180BB0036C0DF /* clase8.app */ = {isa = PBXFileReference; explicitFileType = wrapper.application; includeInIndex = 0; path = clase8.app; sourceTree = BUILT_PRODUCTS_DIR; };
		00B7B94728A180BB0036C0DF /* AppDelegate.swift */ = {isa = PBXFileReference; lastKnownFileType = sourcecode.swift; path = AppDelegate.swift; sourceTree = "<group>"; };
		00B7B94928A180BB0036C0DF /* SceneDelegate.swift */ = {isa = PBXFileReference; lastKnownFileType = sourcecode.swift; path = SceneDelegate.swift; sourceTree = "<group>"; };
		00B7B94B28A180BB0036C0DF /* ViewController.swift */ = {isa = PBXFileReference; lastKnownFileType = sourcecode.swift; path = ViewController.swift; sourceTree = "<group>"; };
		00B7B94E28A180BB0036C0DF /* Base */ = {isa = PBXFileReference; lastKnownFileType = file.storyboard; name = Base; path = Base.lproj/Main.storyboard; sourceTree = "<group>"; };
		00B7B95028A180BC0036C0DF /* Assets.xcassets */ = {isa = PBXFileReference; lastKnownFileType = folder.assetcatalog; path = Assets.xcassets; sourceTree = "<group>"; };
		00B7B95328A180BC0036C0DF /* Base */ = {isa = PBXFileReference; lastKnownFileType = file.storyboard; name = Base; path = Base.lproj/LaunchScreen.storyboard; sourceTree = "<group>"; };
		00B7B95528A180BC0036C0DF /* Info.plist */ = {isa = PBXFileReference; lastKnownFileType = text.plist.xml; path = Info.plist; sourceTree = "<group>"; };
		07C5199908CDB9AB993ADC76 /* Pods-clase8.release.xcconfig */ = {isa = PBXFileReference; includeInIndex = 1; lastKnownFileType = text.xcconfig; name = "Pods-clase8.release.xcconfig"; path = "Target Support Files/Pods-clase8/Pods-clase8.release.xcconfig"; sourceTree = "<group>"; };
		80F12F002F6B9795133E761D /* Pods_clase8.framework */ = {isa = PBXFileReference; explicitFileType = wrapper.framework; includeInIndex = 0; path = Pods_clase8.framework; sourceTree = BUILT_PRODUCTS_DIR; };
		9136C9770087020D8CB5BF72 /* Pods-clase8.debug.xcconfig */ = {isa = PBXFileReference; includeInIndex = 1; lastKnownFileType = text.xcconfig; name = "Pods-clase8.debug.xcconfig"; path = "Target Support Files/Pods-clase8/Pods-clase8.debug.xcconfig"; sourceTree = "<group>"; };
/* End PBXFileReference section */

/* Begin PBXFrameworksBuildPhase section */
		00B7B94128A180BB0036C0DF /* Frameworks */ = {
			isa = PBXFrameworksBuildPhase;
			buildActionMask = 2147483647;
			files = (
				A721578202A43A59C354A8EF /* Pods_clase8.framework in Frameworks */,
			);
			runOnlyForDeploymentPostprocessing = 0;
		};
/* End PBXFrameworksBuildPhase section */

/* Begin PBXGroup section */
		00B7B93B28A180BB0036C0DF = {
			isa = PBXGroup;
			children = (
				00B7B94628A180BB0036C0DF /* clase8 */,
				00B7B94528A180BB0036C0DF /* Products */,
				2FE217BF7FFC7EB1D162B1C7 /* Pods */,
				0241918F9546F3DF55F8AA0F /* Frameworks */,
			);
			sourceTree = "<group>";
		};
		00B7B94528A180BB0036C0DF /* Products */ = {
			isa = PBXGroup;
			children = (
				00B7B94428A180BB0036C0DF /* clase8.app */,
			);
			name = Products;
			sourceTree = "<group>";
		};
		00B7B94628A180BB0036C0DF /* clase8 */ = {
			isa = PBXGroup;
			children = (
				00B7B95028A180BC0036C0DF /* Assets.xcassets */,
				00B7B94728A180BB0036C0DF /* AppDelegate.swift */,
				00B7B94928A180BB0036C0DF /* SceneDelegate.swift */,
				00B7B94B28A180BB0036C0DF /* ViewController.swift */,
				00B7B95B28A181940036C0DF /* Service */,
				00B7B95228A180BC0036C0DF /* LaunchScreen.storyboard */,
				00B7B94D28A180BB0036C0DF /* Main.storyboard */,
				00B7B95528A180BC0036C0DF /* Info.plist */,
			);
			path = clase8;
			sourceTree = "<group>";
		};
		00B7B95B28A181940036C0DF /* Service */ = {
			isa = PBXGroup;
			children = (
			);
			path = Service;
			sourceTree = "<group>";
		};
		0241918F9546F3DF55F8AA0F /* Frameworks */ = {
			isa = PBXGroup;
			children = (
				80F12F002F6B9795133E761D /* Pods_clase8.framework */,
			);
			name = Frameworks;
			sourceTree = "<group>";
		};
		2FE217BF7FFC7EB1D162B1C7 /* Pods */ = {
			isa = PBXGroup;
			children = (
				9136C9770087020D8CB5BF72 /* Pods-clase8.debug.xcconfig */,
				07C5199908CDB9AB993ADC76 /* Pods-clase8.release.xcconfig */,
			);
			path = Pods;
			sourceTree = "<group>";
		};
/* End PBXGroup section */

/* Begin PBXNativeTarget section */
		00B7B94328A180BB0036C0DF /* clase8 */ = {
			isa = PBXNativeTarget;
			buildConfigurationList = 00B7B95828A180BC0036C0DF /* Build configuration list for PBXNativeTarget "clase8" */;
			buildPhases = (
				CFF6307B1097F2365BB711D5 /* [CP] Check Pods Manifest.lock */,
				00B7B94028A180BB0036C0DF /* Sources */,
				00B7B94128A180BB0036C0DF /* Frameworks */,
				00B7B94228A180BB0036C0DF /* Resources */,
				2012B3595FE31806D21E5CD4 /* [CP] Embed Pods Frameworks */,
			);
			buildRules = (
			);
			dependencies = (
			);
			name = clase8;
			productName = clase8;
			productReference = 00B7B94428A180BB0036C0DF /* clase8.app */;
			productType = "com.apple.product-type.application";
		};
/* End PBXNativeTarget section */

/* Begin PBXProject section */
		00B7B93C28A180BB0036C0DF /* Project object */ = {
			isa = PBXProject;
			attributes = {
				BuildIndependentTargetsInParallel = 1;
				LastSwiftUpdateCheck = 1340;
				LastUpgradeCheck = 1340;
				TargetAttributes = {
					00B7B94328A180BB0036C0DF = {
						CreatedOnToolsVersion = 13.4.1;
					};
				};
			};
			buildConfigurationList = 00B7B93F28A180BB0036C0DF /* Build configuration list for PBXProject "clase8" */;
			compatibilityVersion = "Xcode 13.0";
			developmentRegion = en;
			hasScannedForEncodings = 0;
			knownRegions = (
				en,
				Base,
			);
			mainGroup = 00B7B93B28A180BB0036C0DF;
			productRefGroup = 00B7B94528A180BB0036C0DF /* Products */;
			projectDirPath = "";
			projectRoot = "";
			targets = (
				00B7B94328A180BB0036C0DF /* clase8 */,
			);
		};
/* End PBXProject section */

/* Begin PBXResourcesBuildPhase section */
		00B7B94228A180BB0036C0DF /* Resources */ = {
			isa = PBXResourcesBuildPhase;
			buildActionMask = 2147483647;
			files = (
				00B7B95428A180BC0036C0DF /* LaunchScreen.storyboard in Resources */,
				00B7B95128A180BC0036C0DF /* Assets.xcassets in Resources */,
				00B7B94F28A180BB0036C0DF /* Main.storyboard in Resources */,
			);
			runOnlyForDeploymentPostprocessing = 0;
		};
/* End PBXResourcesBuildPhase section */

/* Begin PBXShellScriptBuildPhase section */
		2012B3595FE31806D21E5CD4 /* [CP] Embed Pods Frameworks */ = {
			isa = PBXShellScriptBuildPhase;
			buildActionMask = 2147483647;
			files = (
			);
			inputFileListPaths = (
				"${PODS_ROOT}/Target Support Files/Pods-clase8/Pods-clase8-frameworks-${CONFIGURATION}-input-files.xcfilelist",
			);
			name = "[CP] Embed Pods Frameworks";
			outputFileListPaths = (
				"${PODS_ROOT}/Target Support Files/Pods-clase8/Pods-clase8-frameworks-${CONFIGURATION}-output-files.xcfilelist",
			);
			runOnlyForDeploymentPostprocessing = 0;
			shellPath = /bin/sh;
			shellScript = "\"${PODS_ROOT}/Target Support Files/Pods-clase8/Pods-clase8-frameworks.sh\"\n";
			showEnvVarsInLog = 0;
		};
		CFF6307B1097F2365BB711D5 /* [CP] Check Pods Manifest.lock */ = {
			isa = PBXShellScriptBuildPhase;
			buildActionMask = 2147483647;
			files = (
			);
			inputFileListPaths = (
			);
			inputPaths = (
				"${PODS_PODFILE_DIR_PATH}/Podfile.lock",
				"${PODS_ROOT}/Manifest.lock",
			);
			name = "[CP] Check Pods Manifest.lock";
			outputFileListPaths = (
			);
			outputPaths = (
				"$(DERIVED_FILE_DIR)/Pods-clase8-checkManifestLockResult.txt",
			);
			runOnlyForDeploymentPostprocessing = 0;
			shellPath = /bin/sh;
			shellScript = "diff \"${PODS_PODFILE_DIR_PATH}/Podfile.lock\" \"${PODS_ROOT}/Manifest.lock\" > /dev/null\nif [ $? != 0 ] ; then\n    # print error to STDERR\n    echo \"error: The sandbox is not in sync with the Podfile.lock. Run 'pod install' or update your CocoaPods installation.\" >&2\n    exit 1\nfi\n# This output is used by Xcode 'outputs' to avoid re-running this script phase.\necho \"SUCCESS\" > \"${SCRIPT_OUTPUT_FILE_0}\"\n";
			showEnvVarsInLog = 0;
		};
/* End PBXShellScriptBuildPhase section */

/* Begin PBXSourcesBuildPhase section */
		00B7B94028A180BB0036C0DF /* Sources */ = {
			isa = PBXSourcesBuildPhase;
			buildActionMask = 2147483647;
			files = (
				00B7B94C28A180BB0036C0DF /* ViewController.swift in Sources */,
				00B7B94828A180BB0036C0DF /* AppDelegate.swift in Sources */,
				00B7B94A28A180BB0036C0DF /* SceneDelegate.swift in Sources */,
			);
			runOnlyForDeploymentPostprocessing = 0;
		};
/* End PBXSourcesBuildPhase section */

/* Begin PBXVariantGroup section */
		00B7B94D28A180BB0036C0DF /* Main.storyboard */ = {
			isa = PBXVariantGroup;
			children = (
				00B7B94E28A180BB0036C0DF /* Base */,
			);
			name = Main.storyboard;
			sourceTree = "<group>";
		};
		00B7B95228A180BC0036C0DF /* LaunchScreen.storyboard */ = {
			isa = PBXVariantGroup;
			children = (
				00B7B95328A180BC0036C0DF /* Base */,
			);
			name = LaunchScreen.storyboard;
			sourceTree = "<group>";
		};
/* End PBXVariantGroup section */

/* Begin XCBuildConfiguration section */
		00B7B95628A180BC0036C0DF /* Debug */ = {
			isa = XCBuildConfiguration;
			buildSettings = {
				ALWAYS_SEARCH_USER_PATHS = NO;
				CLANG_ANALYZER_NONNULL = YES;
				CLANG_ANALYZER_NUMBER_OBJECT_CONVERSION = YES_AGGRESSIVE;
				CLANG_CXX_LANGUAGE_STANDARD = "gnu++17";
				CLANG_ENABLE_MODULES = YES;
				CLANG_ENABLE_OBJC_ARC = YES;
				CLANG_ENABLE_OBJC_WEAK = YES;
				CLANG_WARN_BLOCK_CAPTURE_AUTORELEASING = YES;
				CLANG_WARN_BOOL_CONVERSION = YES;
				CLANG_WARN_COMMA = YES;
				CLANG_WARN_CONSTANT_CONVERSION = YES;
				CLANG_WARN_DEPRECATED_OBJC_IMPLEMENTATIONS = YES;
				CLANG_WARN_DIRECT_OBJC_ISA_USAGE = YES_ERROR;
				CLANG_WARN_DOCUMENTATION_COMMENTS = YES;
				CLANG_WARN_EMPTY_BODY = YES;
				CLANG_WARN_ENUM_CONVERSION = YES;
				CLANG_WARN_INFINITE_RECURSION = YES;
				CLANG_WARN_INT_CONVERSION = YES;
				CLANG_WARN_NON_LITERAL_NULL_CONVERSION = YES;
				CLANG_WARN_OBJC_IMPLICIT_RETAIN_SELF = YES;
				CLANG_WARN_OBJC_LITERAL_CONVERSION = YES;
				CLANG_WARN_OBJC_ROOT_CLASS = YES_ERROR;
				CLANG_WARN_QUOTED_INCLUDE_IN_FRAMEWORK_HEADER = YES;
				CLANG_WARN_RANGE_LOOP_ANALYSIS = YES;
				CLANG_WARN_STRICT_PROTOTYPES = YES;
				CLANG_WARN_SUSPICIOUS_MOVE = YES;
				CLANG_WARN_UNGUARDED_AVAILABILITY = YES_AGGRESSIVE;
				CLANG_WARN_UNREACHABLE_CODE = YES;
				CLANG_WARN__DUPLICATE_METHOD_MATCH = YES;
				COPY_PHASE_STRIP = NO;
				DEBUG_INFORMATION_FORMAT = dwarf;
				ENABLE_STRICT_OBJC_MSGSEND = YES;
				ENABLE_TESTABILITY = YES;
				GCC_C_LANGUAGE_STANDARD = gnu11;
				GCC_DYNAMIC_NO_PIC = NO;
				GCC_NO_COMMON_BLOCKS = YES;
				GCC_OPTIMIZATION_LEVEL = 0;
				GCC_PREPROCESSOR_DEFINITIONS = (
					"DEBUG=1",
					"$(inherited)",
				);
				GCC_WARN_64_TO_32_BIT_CONVERSION = YES;
				GCC_WARN_ABOUT_RETURN_TYPE = YES_ERROR;
				GCC_WARN_UNDECLARED_SELECTOR = YES;
				GCC_WARN_UNINITIALIZED_AUTOS = YES_AGGRESSIVE;
				GCC_WARN_UNUSED_FUNCTION = YES;
				GCC_WARN_UNUSED_VARIABLE = YES;
				IPHONEOS_DEPLOYMENT_TARGET = 15.5;
				MTL_ENABLE_DEBUG_INFO = INCLUDE_SOURCE;
				MTL_FAST_MATH = YES;
				ONLY_ACTIVE_ARCH = YES;
				SDKROOT = iphoneos;
				SWIFT_ACTIVE_COMPILATION_CONDITIONS = DEBUG;
				SWIFT_OPTIMIZATION_LEVEL = "-Onone";
			};
			name = Debug;
		};
		00B7B95728A180BC0036C0DF /* Release */ = {
			isa = XCBuildConfiguration;
			buildSettings = {
				ALWAYS_SEARCH_USER_PATHS = NO;
				CLANG_ANALYZER_NONNULL = YES;
				CLANG_ANALYZER_NUMBER_OBJECT_CONVERSION = YES_AGGRESSIVE;
				CLANG_CXX_LANGUAGE_STANDARD = "gnu++17";
				CLANG_ENABLE_MODULES = YES;
				CLANG_ENABLE_OBJC_ARC = YES;
				CLANG_ENABLE_OBJC_WEAK = YES;
				CLANG_WARN_BLOCK_CAPTURE_AUTORELEASING = YES;
				CLANG_WARN_BOOL_CONVERSION = YES;
				CLANG_WARN_COMMA = YES;
				CLANG_WARN_CONSTANT_CONVERSION = YES;
				CLANG_WARN_DEPRECATED_OBJC_IMPLEMENTATIONS = YES;
				CLANG_WARN_DIRECT_OBJC_ISA_USAGE = YES_ERROR;
				CLANG_WARN_DOCUMENTATION_COMMENTS = YES;
				CLANG_WARN_EMPTY_BODY = YES;
				CLANG_WARN_ENUM_CONVERSION = YES;
				CLANG_WARN_INFINITE_RECURSION = YES;
				CLANG_WARN_INT_CONVERSION = YES;
				CLANG_WARN_NON_LITERAL_NULL_CONVERSION = YES;
				CLANG_WARN_OBJC_IMPLICIT_RETAIN_SELF = YES;
				CLANG_WARN_OBJC_LITERAL_CONVERSION = YES;
				CLANG_WARN_OBJC_ROOT_CLASS = YES_ERROR;
				CLANG_WARN_QUOTED_INCLUDE_IN_FRAMEWORK_HEADER = YES;
				CLANG_WARN_RANGE_LOOP_ANALYSIS = YES;
				CLANG_WARN_STRICT_PROTOTYPES = YES;
				CLANG_WARN_SUSPICIOUS_MOVE = YES;
				CLANG_WARN_UNGUARDED_AVAILABILITY = YES_AGGRESSIVE;
				CLANG_WARN_UNREACHABLE_CODE = YES;
				CLANG_WARN__DUPLICATE_METHOD_MATCH = YES;
				COPY_PHASE_STRIP = NO;
				DEBUG_INFORMATION_FORMAT = "dwarf-with-dsym";
				ENABLE_NS_ASSERTIONS = NO;
				ENABLE_STRICT_OBJC_MSGSEND = YES;
				GCC_C_LANGUAGE_STANDARD = gnu11;
				GCC_NO_COMMON_BLOCKS = YES;
				GCC_WARN_64_TO_32_BIT_CONVERSION = YES;
				GCC_WARN_ABOUT_RETURN_TYPE = YES_ERROR;
				GCC_WARN_UNDECLARED_SELECTOR = YES;
				GCC_WARN_UNINITIALIZED_AUTOS = YES_AGGRESSIVE;
				GCC_WARN_UNUSED_FUNCTION = YES;
				GCC_WARN_UNUSED_VARIABLE = YES;
				IPHONEOS_DEPLOYMENT_TARGET = 15.5;
				MTL_ENABLE_DEBUG_INFO = NO;
				MTL_FAST_MATH = YES;
				SDKROOT = iphoneos;
				SWIFT_COMPILATION_MODE = wholemodule;
				SWIFT_OPTIMIZATION_LEVEL = "-O";
				VALIDATE_PRODUCT = YES;
			};
			name = Release;
		};
		00B7B95928A180BC0036C0DF /* Debug */ = {
			isa = XCBuildConfiguration;
			baseConfigurationReference = 9136C9770087020D8CB5BF72 /* Pods-clase8.debug.xcconfig */;
			buildSettings = {
				ASSETCATALOG_COMPILER_APPICON_NAME = AppIcon;
				ASSETCATALOG_COMPILER_GLOBAL_ACCENT_COLOR_NAME = AccentColor;
				CODE_SIGN_STYLE = Automatic;
				CURRENT_PROJECT_VERSION = 1;
				DEVELOPMENT_TEAM = ZC2GXQABY4;
				GENERATE_INFOPLIST_FILE = YES;
				INFOPLIST_FILE = clase8/Info.plist;
				INFOPLIST_KEY_UIApplicationSupportsIndirectInputEvents = YES;
				INFOPLIST_KEY_UILaunchStoryboardName = LaunchScreen;
				INFOPLIST_KEY_UIMainStoryboardFile = Main;
				INFOPLIST_KEY_UISupportedInterfaceOrientations_iPad = "UIInterfaceOrientationPortrait UIInterfaceOrientationPortraitUpsideDown UIInterfaceOrientationLandscapeLeft UIInterfaceOrientationLandscapeRight";
				INFOPLIST_KEY_UISupportedInterfaceOrientations_iPhone = "UIInterfaceOrientationPortrait UIInterfaceOrientationLandscapeLeft UIInterfaceOrientationLandscapeRight";
				LD_RUNPATH_SEARCH_PATHS = (
					"$(inherited)",
					"@executable_path/Frameworks",
				);
				MARKETING_VERSION = 1.0;
				PRODUCT_BUNDLE_IDENTIFIER = SelenaGarciaLobo.clase8;
				PRODUCT_NAME = "$(TARGET_NAME)";
				SWIFT_EMIT_LOC_STRINGS = YES;
				SWIFT_VERSION = 5.0;
				TARGETED_DEVICE_FAMILY = "1,2";
			};
			name = Debug;
		};
		00B7B95A28A180BC0036C0DF /* Release */ = {
			isa = XCBuildConfiguration;
			baseConfigurationReference = 07C5199908CDB9AB993ADC76 /* Pods-clase8.release.xcconfig */;
			buildSettings = {
				ASSETCATALOG_COMPILER_APPICON_NAME = AppIcon;
				ASSETCATALOG_COMPILER_GLOBAL_ACCENT_COLOR_NAME = AccentColor;
				CODE_SIGN_STYLE = Automatic;
				CURRENT_PROJECT_VERSION = 1;
				DEVELOPMENT_TEAM = ZC2GXQABY4;
				GENERATE_INFOPLIST_FILE = YES;
				INFOPLIST_FILE = clase8/Info.plist;
				INFOPLIST_KEY_UIApplicationSupportsIndirectInputEvents = YES;
				INFOPLIST_KEY_UILaunchStoryboardName = LaunchScreen;
				INFOPLIST_KEY_UIMainStoryboardFile = Main;
				INFOPLIST_KEY_UISupportedInterfaceOrientations_iPad = "UIInterfaceOrientationPortrait UIInterfaceOrientationPortraitUpsideDown UIInterfaceOrientationLandscapeLeft UIInterfaceOrientationLandscapeRight";
				INFOPLIST_KEY_UISupportedInterfaceOrientations_iPhone = "UIInterfaceOrientationPortrait UIInterfaceOrientationLandscapeLeft UIInterfaceOrientationLandscapeRight";
				LD_RUNPATH_SEARCH_PATHS = (
					"$(inherited)",
					"@executable_path/Frameworks",
				);
				MARKETING_VERSION = 1.0;
				PRODUCT_BUNDLE_IDENTIFIER = SelenaGarciaLobo.clase8;
				PRODUCT_NAME = "$(TARGET_NAME)";
				SWIFT_EMIT_LOC_STRINGS = YES;
				SWIFT_VERSION = 5.0;
				TARGETED_DEVICE_FAMILY = "1,2";
			};
			name = Release;
		};
/* End XCBuildConfiguration section */

/* Begin XCConfigurationList section */
		00B7B93F28A180BB0036C0DF /* Build configuration list for PBXProject "clase8" */ = {
			isa = XCConfigurationList;
			buildConfigurations = (
				00B7B95628A180BC0036C0DF /* Debug */,
				00B7B95728A180BC0036C0DF /* Release */,
			);
			defaultConfigurationIsVisible = 0;
			defaultConfigurationName = Release;
		};
		00B7B95828A180BC0036C0DF /* Build configuration list for PBXNativeTarget "clase8" */ = {
			isa = XCConfigurationList;
			buildConfigurations = (
				00B7B95928A180BC0036C0DF /* Debug */,
				00B7B95A28A180BC0036C0DF /* Release */,
			);
			defaultConfigurationIsVisible = 0;
			defaultConfigurationName = Release;
		};
/* End XCConfigurationList section */
	};
	rootObject = 00B7B93C28A180BB0036C0DF /* Project object */;
}
